dependencies:
  espressif/esp_ot_cli_extension:
    component_hash: 471c8b346cbdefde32bde48c68333ab6b3f8eb07db81afe3f16c0915012c65f0
    source:
      service_url: https://api.components.espressif.com/
      type: service
    version: 0.4.7
  espressif/led_strip:
    component_hash: 67d2744208e9c12d8b1992d21c979396c1726e57cb7e35e7c171c515be20f8ea
    source:
      service_url: https://api.components.espressif.com/
      type: service
    version: 2.5.3
  idf:
    component_hash: null
    source:
      type: idf
    version: 5.3.0
  iperf:
    component_hash: null
    source:
      path: /Users/simeon/esp/esp-idf/examples/common_components/iperf
      type: local
    version: '*'
manifest_hash: bb44589da73e279fba75c60a441196dfd630381afa1901e6318f57b0fe5ba881
target: esp32h2
version: 1.0.0
